Microsoft Visual Studio Solution File, Format Version 12.00
# Visual Studio Version 17
VisualStudioVersion = 17.5.2.0
MinimumVisualStudioVersion = 10.0.40219.1
Project("{2150E333-8FDC-42A3-9474-1A3956D46DE8}") = "desafio-fullstack", "desafio-fullstack", "{ACB60C5A-478B-3892-B8E0-F7C44BFBFB17}"
EndProject
Project("{2150E333-8FDC-42A3-9474-1A3956D46DE8}") = "backend", "backend", "{EF2331F1-00BA-B94D-6C97-A6B7727AE1D6}"
EndProject
Project("{FAE04EC0-301F-11D3-BF4B-00C04F79EFBC}") = "TodoApi", "desafio-fullstack\backend\TodoApi\TodoApi.csproj", "{46613380-3260-88A2-5814-9D0ED6713637}"
EndProject
Global
	GlobalSection(SolutionConfigurationPlatforms) = preSolution
		Debug|Any CPU = Debug|Any CPU
		Release|Any CPU = Release|Any CPU
	EndGlobalSection
	GlobalSection(ProjectConfigurationPlatforms) = postSolution
		{46613380-3260-88A2-5814-9D0ED6713637}.Debug|Any CPU.ActiveCfg = Debug|Any CPU
		{46613380-3260-88A2-5814-9D0ED6713637}.Debug|Any CPU.Build.0 = Debug|Any CPU
		{46613380-3260-88A2-5814-9D0ED6713637}.Release|Any CPU.ActiveCfg = Release|Any CPU
		{46613380-3260-88A2-5814-9D0ED6713637}.Release|Any CPU.Build.0 = Release|Any CPU
	EndGlobalSection
	GlobalSection(SolutionProperties) = preSolution
		HideSolutionNode = FALSE
	EndGlobalSection
	GlobalSection(NestedProjects) = preSolution
		{EF2331F1-00BA-B94D-6C97-A6B7727AE1D6} = {ACB60C5A-478B-3892-B8E0-F7C44BFBFB17}
		{46613380-3260-88A2-5814-9D0ED6713637} = {EF2331F1-00BA-B94D-6C97-A6B7727AE1D6}
	EndGlobalSection
	GlobalSection(ExtensibilityGlobals) = postSolution
		SolutionGuid = {30592ECB-E59E-4F0F-BEFE-469A413D84E8}
	EndGlobalSection
EndGlobal
